
Microsoft Visual Studio Solution File, Format Version 12.00
# Visual Studio Version 16
VisualStudioVersion = 16.0.31829.152
MinimumVisualStudioVersion = 10.0.40219.1
Project("{FAE04EC0-301F-11D3-BF4B-00C04F79EFBC}") = "ConsoleApp4", "ConsoleApp4\ConsoleApp4.csproj", "{C316E5DC-589E-4815-86A2-C5C5D07F81DF}"
EndProject
Global
	GlobalSection(SolutionConfigurationPlatforms) = preSolution
		Debug|Any CPU = Debug|Any CPU
		Release|Any CPU = Release|Any CPU
	EndGlobalSection
	GlobalSection(ProjectConfigurationPlatforms) = postSolution
		{C316E5DC-589E-4815-86A2-C5C5D07F81DF}.Debug|Any CPU.ActiveCfg = Debug|Any CPU
		{C316E5DC-589E-4815-86A2-C5C5D07F81DF}.Debug|Any CPU.Build.0 = Debug|Any CPU
		{C316E5DC-589E-4815-86A2-C5C5D07F81DF}.Release|Any CPU.ActiveCfg = Release|Any CPU
		{C316E5DC-589E-4815-86A2-C5C5D07F81DF}.Release|Any CPU.Build.0 = Release|Any CPU
	EndGlobalSection
	GlobalSection(SolutionProperties) = preSolution
		HideSolutionNode = FALSE
	EndGlobalSection
	GlobalSection(ExtensibilityGlobals) = postSolution
		SolutionGuid = {DFA9034A-1CC5-4B0C-B11F-5C7EECBF51D1}
	EndGlobalSection
EndGlobal
